{
    "_meta": {
        "hash": {
            "sha256": "7922ec445abe2f59ab99bf8f7ea26fc01d599bbd2873d2834f2237181ac055f1"
        },
        "pipfile-spec": 6,
        "requires": {},
        "sources": [
            {
                "name": "pypi",
                "url": "https://pypi.python.org/simple",
                "verify_ssl": true
            }
        ]
    },
    "default": {
        "backports.ssl-match-hostname": {
            "hashes": [
                "sha256:bb82e60f9fbf4c080eabd957c39f0641f0fc247d9a16e31e26d594d8f42b9fd2"
            ],
            "markers": "python_version < '3.5'",
            "version": "==3.7.0.1"
        },
        "certifi": {
            "hashes": [
                "sha256:e4f3620cfea4f83eedc95b24abd9cd56f3c4b146dd0177e83a21b4eb49e21e50",
                "sha256:fd7c7c74727ddcf00e9acd26bba8da604ffec95bf1c2144e67aff7a8b50e6cef"
            ],
            "version": "==2019.9.11"
        },
        "chardet": {
            "hashes": [
                "sha256:84ab92ed1c4d4f16916e05906b6b75a6c0fb5db821cc65e70cbd64a3e2a5eaae",
                "sha256:fc323ffcaeaed0e0a02bf4d117757b98aed530d9ed4531e3e15460124c106691"
            ],
            "version": "==3.0.4"
        },
        "django": {
            "hashes": [
                "sha256:fad46f44f6f4de66aacaa92e7753dbc4fe3ae834aa2daffaca0bf16c64798186",
                "sha256:fed3e79bb5a3a8d5eb054c7a1ec1de229ef3f43335a67821cc3e489e9582f711"
            ],
            "index": "pypi",
            "version": "==1.11.8"
        },
        "django-activeurl": {
            "hashes": [
                "sha256:7ebc4a34f91e18f29eb02bfac503057d69b4e1b6f9e8dd1297798387876e54da"
            ],
            "index": "pypi",
            "version": "==0.1.11"
        },
        "django-appconf": {
            "hashes": [
                "sha256:35f13ca4d567f132b960e2cd4c832c2d03cb6543452d34e29b7ba10371ba80e3",
                "sha256:c98a7af40062e996b921f5962a1c4f3f0c979fa7885f7be4710cceb90ebe13a6"
            ],
            "version": "==1.0.3"
        },
        "django-classy-tags": {
            "hashes": [
                "sha256:38b4546a8053499e2fef7af679a58d7c868298717d645b8b8227acba5fd4bf2b"
            ],
            "version": "==0.9.0"
        },
        "django-cms": {
            "hashes": [
                "sha256:81e2da8314cdb8c67569b865d43fd91347404b6a06df4e26acfb78a01ed598e5",
                "sha256:e113f3af4a6acfe8f4ee706c0902359dadb75aea4cbcae70f9bc8fc09d69647c"
            ],
            "index": "pypi",
            "version": "==3.4.5"
        },
        "django-formtools": {
            "hashes": [
                "sha256:7703793f1675aa6e871f9fed147e8563816d7a5b9affdc5e3459899596217f7c",
                "sha256:cb2bd7c29c2104278e5a0e76f7ff256b9570acf11485d547ee0c1b35347359fb"
            ],
            "index": "pypi",
            "version": "==2.1"
        },
        "django-jalali": {
            "hashes": [
                "sha256:5d8ac9024351dfdf2ca62480b32b19fe191d6acf8d8566cb91a3121a9befb1e4"
            ],
            "index": "pypi",
            "version": "==2.4.5"
        },
        "django-lineage": {
            "hashes": [
                "sha256:3b14a195b35a7a95ea027f79db714d2c8a8ec2f6f5d248c0024b3ad02d863d49"
            ],
            "index": "pypi",
            "version": "==0.2.0"
        },
        "django-sekizai": {
            "hashes": [
                "sha256:642a3356fe92fe9b5ccc97f320b64edd2cfcb3b2fbb113e8a26dad9a1f3b5e14"
            ],
            "version": "==1.0.0"
        },
        "django-semanticui-forms": {
            "hashes": [
                "sha256:aacecba6d516ef28dff87317490c978025c441ab002b1df751410b2afdfbfc3d"
            ],
            "index": "pypi",
            "version": "==1.6.5"
        },
        "django-treebeard": {
            "hashes": [
                "sha256:c21db06a8d4943bf2a28d9d7a119058698fb76116df2679ecbf15a46a501de42"
            ],
            "version": "==4.3"
        },
        "djangocms-admin-style": {
            "hashes": [
                "sha256:0ff3f45ed56e98c92fcabf219377f4165ab20a4cb2d018c1da461b6b85179177"
            ],
            "version": "==1.4.0"
        },
        "docker": {
            "hashes": [
                "sha256:144248308e8ea31c4863c6d74e1b55daf97cc190b61d0fe7b7313ab920d6a76c",
                "sha256:c1d4e37b1ea03b2b6efdd0379640f6ea372fefe56efa65d4d17c34c6b9d54558"
            ],
            "index": "pypi",
            "version": "==2.7.0"
        },
        "docker-pycreds": {
            "hashes": [
                "sha256:6ce3270bcaf404cc4c3e27e4b6c70d3521deae82fb508767870fdbf772d584d4",
                "sha256:7266112468627868005106ec19cd0d722702d2b7d5912a28e19b826c3d37af49"
            ],
            "version": "==0.4.0"
        },
        "idna": {
            "hashes": [
                "sha256:156a6814fb5ac1fc6850fb002e0852d56c0c8d2531923a51032d1b70760e186e",
                "sha256:684a38a6f903c1d71d6d5fac066b58d7768af4de2b832e426ec79c30daa94a16"
            ],
            "version": "==2.7"
        },
        "ipaddress": {
            "hashes": [
                "sha256:6e0f4a39e66cb5bb9a137b00276a2eff74f93b71dcbdad6f10ff7df9d3557fcc",
                "sha256:b7f8e0369580bb4a24d5ba1d7cc29660a4a6987763faf1d8a8046830e020e7e2"
            ],
            "markers": "python_version < '3.3'",
            "version": "==1.0.23"
        },
        "jdatetime": {
            "hashes": [
                "sha256:8e35ad9c29c8ea70f77ee3473a8b3a914059d964af8bf97dc27d000835d905cc"
            ],
            "index": "pypi",
            "version": "==1.9.0"
        },
        "lxml": {
            "hashes": [
                "sha256:02ca7bf899da57084041bb0f6095333e4d239948ad3169443f454add9f4e9cb4",
                "sha256:096b82c5e0ea27ce9138bcbb205313343ee66a6e132f25c5ed67e2c8d960a1bc",
                "sha256:0a920ff98cf1aac310470c644bc23b326402d3ef667ddafecb024e1713d485f1",
                "sha256:17cae1730a782858a6e2758fd20dd0ef7567916c47757b694a06ffafdec20046",
                "sha256:17e3950add54c882e032527795c625929613adbd2ce5162b94667334458b5a36",
                "sha256:1f4f214337f6ee5825bf90a65d04d70aab05526c08191ab888cb5149501923c5",
                "sha256:2e8f77db25b0a96af679e64ff9bf9dddb27d379c9900c3272f3041c4d1327c9d",
                "sha256:4dffd405390a45ecb95ab5ab1c1b847553c18b0ef8ed01e10c1c8b1a76452916",
                "sha256:6b899931a5648862c7b88c795eddff7588fb585e81cecce20f8d9da16eff96e0",
                "sha256:726c17f3e0d7a7200718c9a890ccfeab391c9133e363a577a44717c85c71db27",
                "sha256:760c12276fee05c36f95f8040180abc7fbebb9e5011447a97cdc289b5d6ab6fc",
                "sha256:796685d3969815a633827c818863ee199440696b0961e200b011d79b9394bbe7",
                "sha256:891fe897b49abb7db470c55664b198b1095e4943b9f82b7dcab317a19116cd38",
                "sha256:a471628e20f03dcdfde00770eeaf9c77811f0c331c8805219ca7b87ac17576c5",
                "sha256:a63b4fd3e2cabdcc9d918ed280bdde3e8e9641e04f3c59a2a3109644a07b9832",
                "sha256:b0b84408d4eabc6de9dd1e1e0bc63e7731e890c0b378a62443e5741cfd0ae90a",
                "sha256:be78485e5d5f3684e875dab60f40cddace2f5b2a8f7fede412358ab3214c3a6f",
                "sha256:c27eaed872185f047bb7f7da2d21a7d8913457678c9a100a50db6da890bc28b9",
                "sha256:c81cb40bff373ab7a7446d6bbca0190bccc5be3448b47b51d729e37799bb5692",
                "sha256:d11874b3c33ee441059464711cd365b89fa1a9cf19ae75b0c189b01fbf735b84",
                "sha256:e9c028b5897901361d81a4718d1db217b716424a0283afe9d6735fe0caf70f79",
                "sha256:fe489d486cd00b739be826e8c1be188ddb74c7a1ca784d93d06fda882a6a1681"
            ],
            "version": "==4.4.1"
        },
        "opbeat": {
            "hashes": [
                "sha256:d9b24bcdf7b09c6a32f83d855bb85acd30ecb5815f93242ff4caab808dfbec97"
            ],
            "index": "pypi",
            "version": "==3.6.0"
        },
        "psycopg2": {
            "hashes": [
                "sha256:009e0bc09a57dbef4b601cb8b46a2abad51f5274c8be4bba276ff2884cd4cc53",
                "sha256:0344b181e1aea37a58c218ccb0f0f771295de9aa25a625ed076e6996c6530f9e",
                "sha256:0cd4c848f0e9d805d531e44973c8f48962e20eb7fc0edac3db4f9dbf9ed5ab82",
                "sha256:1286dd16d0e46d59fa54582725986704a7a3f3d9aca6c5902a7eceb10c60cb7e",
                "sha256:1cf5d84290c771eeecb734abe2c6c3120e9837eb12f99474141a862b9061ac51",
                "sha256:207ba4f9125a0a4200691e82d5eee7ea1485708eabe99a07fc7f08696fae62f4",
                "sha256:25250867a4cd1510fb755ef9cb38da3065def999d8e92c44e49a39b9b76bc893",
                "sha256:2954557393cfc9a5c11a5199c7a78cd9c0c793a047552d27b1636da50d013916",
                "sha256:317612d5d0ca4a9f7e42afb2add69b10be360784d21ce4ecfbca19f1f5eadf43",
                "sha256:37f54452c7787dbdc0a634ca9773362b91709917f0b365ed14b831f03cbd34ba",
                "sha256:40fa5630cd7d237cd93c4d4b64b9e5ed9273d1cfce55241c7f9066f5db70629d",
                "sha256:57baf63aeb2965ca4b52613ce78e968b6d2bde700c97f6a7e8c6c236b51ab83e",
                "sha256:594aa9a095de16614f703d759e10c018bdffeafce2921b8e80a0e8a0ebbc12e5",
                "sha256:5c3213be557d0468f9df8fe2487eaf2990d9799202c5ff5cb8d394d09fad9b2a",
                "sha256:697ff63bc5451e0b0db48ad205151123d25683b3754198be7ab5fcb44334e519",
                "sha256:6c2f1a76a9ebd9ecf7825b9e20860139ca502c2bf1beabf6accf6c9e66a7e0c3",
                "sha256:7a75565181e75ba0b9fb174b58172bf6ea9b4331631cfe7bafff03f3641f5d73",
                "sha256:7a9c6c62e6e05df5406e9b5235c31c376a22620ef26715a663cee57083b3c2ea",
                "sha256:7c31dade89634807196a6b20ced831fbd5bec8a21c4e458ea950c9102c3aa96f",
                "sha256:82c40ea3ac1555e0462803380609fbe8b26f52620f3d4f8eb480cfd8ceed8a14",
                "sha256:8f5942a4daf1ffac42109dc4a72f786af4baa4fa702ede1d7c57b4b696c2e7d6",
                "sha256:92179bd68c2efe72924a99b6745a9172471931fc296f9bfdf9645b75eebd6344",
                "sha256:94e4128ba1ea56f02522fffac65520091a9de3f5c00da31539e085e13db4771b",
                "sha256:988d2ec7560d42ef0ac34b3b97aad14c4f068792f00e1524fa1d3749fe4e4b64",
                "sha256:9d6266348b15b4a48623bf4d3e50445d8e581da413644f365805b321703d0fac",
                "sha256:9d64fed2681552ed642e9c0cc831a9e95ab91de72b47d0cb68b5bf506ba88647",
                "sha256:b9358e203168fef7bfe9f430afaed3a2a624717a1d19c7afa7dfcbd76e3cd95c",
                "sha256:bf708455cd1e9fa96c05126e89a0c59b200d086c7df7bbafc7d9be769e4149a3",
                "sha256:d3ac07240e2304181ffdb13c099840b5eb555efc7be9344503c0c03aa681de79",
                "sha256:ddca39cc55877653b5fcf59976d073e3d58c7c406ef54ae8e61ddf8782867182",
                "sha256:fc993c9331d91766d54757bbc70231e29d5ceb2d1ac08b1570feaa0c38ab9582"
            ],
            "index": "pypi",
            "version": "==2.7.3.2"
        },
        "pytz": {
            "hashes": [
                "sha256:1c557d7d0e871de1f5ccd5833f60fb2550652da6be2693c1e02300743d21500d",
                "sha256:b02c06db6cf09c12dd25137e563b31700d3b80fcc4ad23abb7a315f2789819be"
            ],
            "version": "==2019.3"
        },
        "requests": {
            "hashes": [
                "sha256:99dcfdaaeb17caf6e526f32b6a7b780461512ab3f1d992187801694cba42770c",
                "sha256:a84b8c9ab6239b578f22d1c21d51b696dcfe004032bb80ea832398d6909d7279"
            ],
            "index": "pypi",
            "version": "==2.20.0"
        },
        "six": {
            "hashes": [
                "sha256:3350809f0555b11f552448330d0b52d5f24c91a322ea4a15ef22629740f3761c",
                "sha256:d16a0141ec1a18405cd4ce8b4613101da75da0e9a7aec5bdd4fa804d0e0eba73"
            ],
            "version": "==1.12.0"
        },
        "urllib3": {
            "hashes": [
                "sha256:2393a695cd12afedd0dcb26fe5d50d0cf248e5a66f75dbd89a3d4eb333a61af4",
                "sha256:a637e5fae88995b256e3409dc4d52c2e2e0ba32c42a6365fee8bbd2238de3cfb"
            ],
            "version": "==1.24.3"
        },
        "websocket-client": {
            "hashes": [
                "sha256:1151d5fb3a62dc129164292e1227655e4bbc5dd5340a5165dfae61128ec50aa9",
                "sha256:1fd5520878b68b84b5748bb30e592b10d0a91529d5383f74f4964e72b297fd3a"
            ],
            "version": "==0.56.0"
        }
    },
    "develop": {}
}
